// !$*UTF8*$!
{
	archiveVersion = 1;
	classes = {
	};
	objectVersion = 46;
	objects = {

/* Begin PBXBuildFile section */
		4CC9B1441C5868E100AB0DA4 /* main.m in Sources */ = {isa = PBXBuildFile; fileRef = 4CC9B1431C5868E100AB0DA4 /* main.m */; };
		4CC9B1471C5868E100AB0DA4 /* AppDelegate.m in Sources */ = {isa = PBXBuildFile; fileRef = 4CC9B1461C5868E100AB0DA4 /* AppDelegate.m */; };
		4CC9B14F1C5868E200AB0DA4 /* Assets.xcassets in Resources */ = {isa = PBXBuildFile; fileRef = 4CC9B14E1C5868E200AB0DA4 /* Assets.xcassets */; };
		4CC9B15E1C586FB400AB0DA4 /* BNRItemsViewController.m in Sources */ = {isa = PBXBuildFile; fileRef = 4CC9B15D1C586FB400AB0DA4 /* BNRItemsViewController.m */; };
		4CC9B1611C58728600AB0DA4 /* BNRItem.m in Sources */ = {isa = PBXBuildFile; fileRef = 4CC9B1601C58728600AB0DA4 /* BNRItem.m */; };
		4CC9B1641C58736D00AB0DA4 /* BNRItemStore.m in Sources */ = {isa = PBXBuildFile; fileRef = 4CC9B1631C58736D00AB0DA4 /* BNRItemStore.m */; };
/* End PBXBuildFile section */

/* Begin PBXFileReference section */
		4CC9B13F1C5868E100AB0DA4 /* Homepwner.app */ = {isa = PBXFileReference; explicitFileType = wrapper.application; includeInIndex = 0; path = Homepwner.app; sourceTree = BUILT_PRODUCTS_DIR; };
		4CC9B1431C5868E100AB0DA4 /* main.m */ = {isa = PBXFileReference; lastKnownFileType = sourcecode.c.objc; path = main.m; sourceTree = "<group>"; };
		4CC9B1451C5868E100AB0DA4 /* AppDelegate.h */ = {isa = PBXFileReference; lastKnownFileType = sourcecode.c.h; path = AppDelegate.h; sourceTree = "<group>"; };
		4CC9B1461C5868E100AB0DA4 /* AppDelegate.m */ = {isa = PBXFileReference; lastKnownFileType = sourcecode.c.objc; path = AppDelegate.m; sourceTree = "<group>"; };
		4CC9B14E1C5868E200AB0DA4 /* Assets.xcassets */ = {isa = PBXFileReference; lastKnownFileType = folder.assetcatalog; path = Assets.xcassets; sourceTree = "<group>"; };
		4CC9B1531C5868E200AB0DA4 /* Info.plist */ = {isa = PBXFileReference; lastKnownFileType = text.plist.xml; path = Info.plist; sourceTree = "<group>"; };
		4CC9B15C1C586FB400AB0DA4 /* BNRItemsViewController.h */ = {isa = PBXFileReference; fileEncoding = 4; lastKnownFileType = sourcecode.c.h; path = BNRItemsViewController.h; sourceTree = "<group>"; };
		4CC9B15D1C586FB400AB0DA4 /* BNRItemsViewController.m */ = {isa = PBXFileReference; fileEncoding = 4; lastKnownFileType = sourcecode.c.objc; path = BNRItemsViewController.m; sourceTree = "<group>"; };
		4CC9B15F1C58728600AB0DA4 /* BNRItem.h */ = {isa = PBXFileReference; fileEncoding = 4; lastKnownFileType = sourcecode.c.h; path = BNRItem.h; sourceTree = "<group>"; };
		4CC9B1601C58728600AB0DA4 /* BNRItem.m */ = {isa = PBXFileReference; fileEncoding = 4; lastKnownFileType = sourcecode.c.objc; path = BNRItem.m; sourceTree = "<group>"; };
		4CC9B1621C58736D00AB0DA4 /* BNRItemStore.h */ = {isa = PBXFileReference; fileEncoding = 4; lastKnownFileType = sourcecode.c.h; path = BNRItemStore.h; sourceTree = "<group>"; };
		4CC9B1631C58736D00AB0DA4 /* BNRItemStore.m */ = {isa = PBXFileReference; fileEncoding = 4; lastKnownFileType = sourcecode.c.objc; path = BNRItemStore.m; sourceTree = "<group>"; };
/* End PBXFileReference section */

/* Begin PBXFrameworksBuildPhase section */
		4CC9B13C1C5868E100AB0DA4 /* Frameworks */ = {
			isa = PBXFrameworksBuildPhase;
			buildActionMask = 2147483647;
			files = (
			);
			runOnlyForDeploymentPostprocessing = 0;
		};
/* End PBXFrameworksBuildPhase section */

/* Begin PBXGroup section */
		4CC9B1361C5868E100AB0DA4 = {
			isa = PBXGroup;
			children = (
				4CC9B1411C5868E100AB0DA4 /* Homepwner */,
				4CC9B1401C5868E100AB0DA4 /* Products */,
			);
			sourceTree = "<group>";
		};
		4CC9B1401C5868E100AB0DA4 /* Products */ = {
			isa = PBXGroup;
			children = (
				4CC9B13F1C5868E100AB0DA4 /* Homepwner.app */,
			);
			name = Products;
			sourceTree = "<group>";
		};
		4CC9B1411C5868E100AB0DA4 /* Homepwner */ = {
			isa = PBXGroup;
			children = (
				4CC9B1451C5868E100AB0DA4 /* AppDelegate.h */,
				4CC9B1461C5868E100AB0DA4 /* AppDelegate.m */,
				4CC9B14E1C5868E200AB0DA4 /* Assets.xcassets */,
				4CC9B15F1C58728600AB0DA4 /* BNRItem.h */,
				4CC9B1601C58728600AB0DA4 /* BNRItem.m */,
				4CC9B1621C58736D00AB0DA4 /* BNRItemStore.h */,
				4CC9B1631C58736D00AB0DA4 /* BNRItemStore.m */,
				4CC9B15C1C586FB400AB0DA4 /* BNRItemsViewController.h */,
				4CC9B15D1C586FB400AB0DA4 /* BNRItemsViewController.m */,
				4CC9B1531C5868E200AB0DA4 /* Info.plist */,
				4CC9B1421C5868E100AB0DA4 /* Supporting Files */,
			);
			path = Homepwner;
			sourceTree = "<group>";
		};
		4CC9B1421C5868E100AB0DA4 /* Supporting Files */ = {
			isa = PBXGroup;
			children = (
				4CC9B1431C5868E100AB0DA4 /* main.m */,
			);
			name = "Supporting Files";
			sourceTree = "<group>";
		};
/* End PBXGroup section */

/* Begin PBXNativeTarget section */
		4CC9B13E1C5868E100AB0DA4 /* Homepwner */ = {
			isa = PBXNativeTarget;
			buildConfigurationList = 4CC9B1561C5868E200AB0DA4 /* Build configuration list for PBXNativeTarget "Homepwner" */;
			buildPhases = (
				4CC9B13B1C5868E100AB0DA4 /* Sources */,
				4CC9B13C1C5868E100AB0DA4 /* Frameworks */,
				4CC9B13D1C5868E100AB0DA4 /* Resources */,
			);
			buildRules = (
			);
			dependencies = (
			);
			name = Homepwner;
			productName = Homepwner;
			productReference = 4CC9B13F1C5868E100AB0DA4 /* Homepwner.app */;
			productType = "com.apple.product-type.application";
		};
/* End PBXNativeTarget section */

/* Begin PBXProject section */
		4CC9B1371C5868E100AB0DA4 /* Project object */ = {
			isa = PBXProject;
			attributes = {
				LastUpgradeCheck = 0730;
				ORGANIZATIONNAME = "Juan Obando";
				TargetAttributes = {
					4CC9B13E1C5868E100AB0DA4 = {
						CreatedOnToolsVersion = 7.3;
						DevelopmentTeam = R5D9YNNYMS;
					};
				};
			};
			buildConfigurationList = 4CC9B13A1C5868E100AB0DA4 /* Build configuration list for PBXProject "Homepwner" */;
			compatibilityVersion = "Xcode 3.2";
			developmentRegion = English;
			hasScannedForEncodings = 0;
			knownRegions = (
				en,
				Base,
			);
			mainGroup = 4CC9B1361C5868E100AB0DA4;
			productRefGroup = 4CC9B1401C5868E100AB0DA4 /* Products */;
			projectDirPath = "";
			projectRoot = "";
			targets = (
				4CC9B13E1C5868E100AB0DA4 /* Homepwner */,
			);
		};
/* End PBXProject section */

/* Begin PBXResourcesBuildPhase section */
		4CC9B13D1C5868E100AB0DA4 /* Resources */ = {
			isa = PBXResourcesBuildPhase;
			buildActionMask = 2147483647;
			files = (
				4CC9B14F1C5868E200AB0DA4 /* Assets.xcassets in Resources */,
			);
			runOnlyForDeploymentPostprocessing = 0;
		};
/* End PBXResourcesBuildPhase section */

/* Begin PBXSourcesBuildPhase section */
		4CC9B13B1C5868E100AB0DA4 /* Sources */ = {
			isa = PBXSourcesBuildPhase;
			buildActionMask = 2147483647;
			files = (
				4CC9B1641C58736D00AB0DA4 /* BNRItemStore.m in Sources */,
				4CC9B1471C5868E100AB0DA4 /* AppDelegate.m in Sources */,
				4CC9B1611C58728600AB0DA4 /* BNRItem.m in Sources */,
				4CC9B15E1C586FB400AB0DA4 /* BNRItemsViewController.m in Sources */,
				4CC9B1441C5868E100AB0DA4 /* main.m in Sources */,
			);
			runOnlyForDeploymentPostprocessing = 0;
		};
/* End PBXSourcesBuildPhase section */

/* Begin XCBuildConfiguration section */
		4CC9B1541C5868E200AB0DA4 /* Debug */ = {
			isa = XCBuildConfiguration;
			buildSettings = {
				ALWAYS_SEARCH_USER_PATHS = NO;
				CLANG_CXX_LANGUAGE_STANDARD = "gnu++0x";
				CLANG_CXX_LIBRARY = "libc++";
				CLANG_ENABLE_MODULES = YES;
				CLANG_ENABLE_OBJC_ARC = YES;
				CLANG_WARN_BOOL_CONVERSION = YES;
				CLANG_WARN_CONSTANT_CONVERSION = YES;
				CLANG_WARN_DIRECT_OBJC_ISA_USAGE = YES_ERROR;
				CLANG_WARN_EMPTY_BODY = YES;
				CLANG_WARN_ENUM_CONVERSION = YES;
				CLANG_WARN_INT_CONVERSION = YES;
				CLANG_WARN_OBJC_ROOT_CLASS = YES_ERROR;
				CLANG_WARN_UNREACHABLE_CODE = YES;
				CLANG_WARN__DUPLICATE_METHOD_MATCH = YES;
				"CODE_SIGN_IDENTITY[sdk=iphoneos*]" = "iPhone Developer";
				COPY_PHASE_STRIP = NO;
				DEBUG_INFORMATION_FORMAT = dwarf;
				ENABLE_STRICT_OBJC_MSGSEND = YES;
				ENABLE_TESTABILITY = YES;
				GCC_C_LANGUAGE_STANDARD = gnu99;
				GCC_DYNAMIC_NO_PIC = NO;
				GCC_NO_COMMON_BLOCKS = YES;
				GCC_OPTIMIZATION_LEVEL = 0;
				GCC_PREPROCESSOR_DEFINITIONS = (
					"DEBUG=1",
					"$(inherited)",
				);
				GCC_WARN_64_TO_32_BIT_CONVERSION = YES;
				GCC_WARN_ABOUT_RETURN_TYPE = YES_ERROR;
				GCC_WARN_UNDECLARED_SELECTOR = YES;
				GCC_WARN_UNINITIALIZED_AUTOS = YES_AGGRESSIVE;
				GCC_WARN_UNUSED_FUNCTION = YES;
				GCC_WARN_UNUSED_VARIABLE = YES;
				IPHONEOS_DEPLOYMENT_TARGET = 9.3;
				MTL_ENABLE_DEBUG_INFO = YES;
				ONLY_ACTIVE_ARCH = YES;
				SDKROOT = iphoneos;
			};
			name = Debug;
		};
		4CC9B1551C5868E200AB0DA4 /* Release */ = {
			isa = XCBuildConfiguration;
			buildSettings = {
				ALWAYS_SEARCH_USER_PATHS = NO;
				CLANG_CXX_LANGUAGE_STANDARD = "gnu++0x";
				CLANG_CXX_LIBRARY = "libc++";
				CLANG_ENABLE_MODULES = YES;
				CLANG_ENABLE_OBJC_ARC = YES;
				CLANG_WARN_BOOL_CONVERSION = YES;
				CLANG_WARN_CONSTANT_CONVERSION = YES;
				CLANG_WARN_DIRECT_OBJC_ISA_USAGE = YES_ERROR;
				CLANG_WARN_EMPTY_BODY = YES;
				CLANG_WARN_ENUM_CONVERSION = YES;
				CLANG_WARN_INT_CONVERSION = YES;
				CLANG_WARN_OBJC_ROOT_CLASS = YES_ERROR;
				CLANG_WARN_UNREACHABLE_CODE = YES;
				CLANG_WARN__DUPLICATE_METHOD_MATCH = YES;
				"CODE_SIGN_IDENTITY[sdk=iphoneos*]" = "iPhone Developer";
				COPY_PHASE_STRIP = NO;
				DEBUG_INFORMATION_FORMAT = "dwarf-with-dsym";
				ENABLE_NS_ASSERTIONS = NO;
				ENABLE_STRICT_OBJC_MSGSEND = YES;
				GCC_C_LANGUAGE_STANDARD = gnu99;
				GCC_NO_COMMON_BLOCKS = YES;
				GCC_WARN_64_TO_32_BIT_CONVERSION = YES;
				GCC_WARN_ABOUT_RETURN_TYPE = YES_ERROR;
				GCC_WARN_UNDECLARED_SELECTOR = YES;
				GCC_WARN_UNINITIALIZED_AUTOS = YES_AGGRESSIVE;
				GCC_WARN_UNUSED_FUNCTION = YES;
				GCC_WARN_UNUSED_VARIABLE = YES;
				IPHONEOS_DEPLOYMENT_TARGET = 9.3;
				MTL_ENABLE_DEBUG_INFO = NO;
				SDKROOT = iphoneos;
				VALIDATE_PRODUCT = YES;
			};
			name = Release;
		};
		4CC9B1571C5868E200AB0DA4 /* Debug */ = {
			isa = XCBuildConfiguration;
			buildSettings = {
				ASSETCATALOG_COMPILER_APPICON_NAME = AppIcon;
				INFOPLIST_FILE = Homepwner/Info.plist;
				LD_RUNPATH_SEARCH_PATHS = "$(inherited) @executable_path/Frameworks";
				PRODUCT_BUNDLE_IDENTIFIER = me.obando.Homepwner;
				PRODUCT_NAME = "$(TARGET_NAME)";
			};
			name = Debug;
		};
		4CC9B1581C5868E200AB0DA4 /* Release */ = {
			isa = XCBuildConfiguration;
			buildSettings = {
				ASSETCATALOG_COMPILER_APPICON_NAME = AppIcon;
				INFOPLIST_FILE = Homepwner/Info.plist;
				LD_RUNPATH_SEARCH_PATHS = "$(inherited) @executable_path/Frameworks";
				PRODUCT_BUNDLE_IDENTIFIER = me.obando.Homepwner;
				PRODUCT_NAME = "$(TARGET_NAME)";
			};
			name = Release;
		};
/* End XCBuildConfiguration section */

/* Begin XCConfigurationList section */
		4CC9B13A1C5868E100AB0DA4 /* Build configuration list for PBXProject "Homepwner" */ = {
			isa = XCConfigurationList;
			buildConfigurations = (
				4CC9B1541C5868E200AB0DA4 /* Debug */,
				4CC9B1551C5868E200AB0DA4 /* Release */,
			);
			defaultConfigurationIsVisible = 0;
			defaultConfigurationName = Release;
		};
		4CC9B1561C5868E200AB0DA4 /* Build configuration list for PBXNativeTarget "Homepwner" */ = {
			isa = XCConfigurationList;
			buildConfigurations = (
				4CC9B1571C5868E200AB0DA4 /* Debug */,
				4CC9B1581C5868E200AB0DA4 /* Release */,
			);
			defaultConfigurationIsVisible = 0;
		};
/* End XCConfigurationList section */
	};
	rootObject = 4CC9B1371C5868E100AB0DA4 /* Project object */;
}
