// !$*UTF8*$!
{
	archiveVersion = 1;
	classes = {
	};
	objectVersion = 46;
	objects = {

/* Begin PBXBuildFile section */
		4C3DD7721C2078A000A85E73 /* main.m in Sources */ = {isa = PBXBuildFile; fileRef = 4C3DD7711C2078A000A85E73 /* main.m */; };
		4C3DD7751C2078A000A85E73 /* AppDelegate.m in Sources */ = {isa = PBXBuildFile; fileRef = 4C3DD7741C2078A000A85E73 /* AppDelegate.m */; };
		4C3DD77D1C2078A000A85E73 /* Assets.xcassets in Resources */ = {isa = PBXBuildFile; fileRef = 4C3DD77C1C2078A000A85E73 /* Assets.xcassets */; };
		4C3DD78B1C2078A000A85E73 /* HypnosisterTests.m in Sources */ = {isa = PBXBuildFile; fileRef = 4C3DD78A1C2078A000A85E73 /* HypnosisterTests.m */; };
		4C3DD7961C2078A000A85E73 /* HypnosisterUITests.m in Sources */ = {isa = PBXBuildFile; fileRef = 4C3DD7951C2078A000A85E73 /* HypnosisterUITests.m */; };
/* End PBXBuildFile section */

/* Begin PBXContainerItemProxy section */
		4C3DD7871C2078A000A85E73 /* PBXContainerItemProxy */ = {
			isa = PBXContainerItemProxy;
			containerPortal = 4C3DD7651C2078A000A85E73 /* Project object */;
			proxyType = 1;
			remoteGlobalIDString = 4C3DD76C1C2078A000A85E73;
			remoteInfo = Hypnosister;
		};
		4C3DD7921C2078A000A85E73 /* PBXContainerItemProxy */ = {
			isa = PBXContainerItemProxy;
			containerPortal = 4C3DD7651C2078A000A85E73 /* Project object */;
			proxyType = 1;
			remoteGlobalIDString = 4C3DD76C1C2078A000A85E73;
			remoteInfo = Hypnosister;
		};
/* End PBXContainerItemProxy section */

/* Begin PBXFileReference section */
		4C3DD76D1C2078A000A85E73 /* Hypnosister.app */ = {isa = PBXFileReference; explicitFileType = wrapper.application; includeInIndex = 0; path = Hypnosister.app; sourceTree = BUILT_PRODUCTS_DIR; };
		4C3DD7711C2078A000A85E73 /* main.m */ = {isa = PBXFileReference; lastKnownFileType = sourcecode.c.objc; path = main.m; sourceTree = "<group>"; };
		4C3DD7731C2078A000A85E73 /* AppDelegate.h */ = {isa = PBXFileReference; lastKnownFileType = sourcecode.c.h; path = AppDelegate.h; sourceTree = "<group>"; };
		4C3DD7741C2078A000A85E73 /* AppDelegate.m */ = {isa = PBXFileReference; lastKnownFileType = sourcecode.c.objc; path = AppDelegate.m; sourceTree = "<group>"; };
		4C3DD77C1C2078A000A85E73 /* Assets.xcassets */ = {isa = PBXFileReference; lastKnownFileType = folder.assetcatalog; path = Assets.xcassets; sourceTree = "<group>"; };
		4C3DD7811C2078A000A85E73 /* Info.plist */ = {isa = PBXFileReference; lastKnownFileType = text.plist.xml; path = Info.plist; sourceTree = "<group>"; };
		4C3DD7861C2078A000A85E73 /* HypnosisterTests.xctest */ = {isa = PBXFileReference; explicitFileType = wrapper.cfbundle; includeInIndex = 0; path = HypnosisterTests.xctest; sourceTree = BUILT_PRODUCTS_DIR; };
		4C3DD78A1C2078A000A85E73 /* HypnosisterTests.m */ = {isa = PBXFileReference; lastKnownFileType = sourcecode.c.objc; path = HypnosisterTests.m; sourceTree = "<group>"; };
		4C3DD78C1C2078A000A85E73 /* Info.plist */ = {isa = PBXFileReference; lastKnownFileType = text.plist.xml; path = Info.plist; sourceTree = "<group>"; };
		4C3DD7911C2078A000A85E73 /* HypnosisterUITests.xctest */ = {isa = PBXFileReference; explicitFileType = wrapper.cfbundle; includeInIndex = 0; path = HypnosisterUITests.xctest; sourceTree = BUILT_PRODUCTS_DIR; };
		4C3DD7951C2078A000A85E73 /* HypnosisterUITests.m */ = {isa = PBXFileReference; lastKnownFileType = sourcecode.c.objc; path = HypnosisterUITests.m; sourceTree = "<group>"; };
		4C3DD7971C2078A000A85E73 /* Info.plist */ = {isa = PBXFileReference; lastKnownFileType = text.plist.xml; path = Info.plist; sourceTree = "<group>"; };
/* End PBXFileReference section */

/* Begin PBXFrameworksBuildPhase section */
		4C3DD76A1C2078A000A85E73 /* Frameworks */ = {
			isa = PBXFrameworksBuildPhase;
			buildActionMask = 2147483647;
			files = (
			);
			runOnlyForDeploymentPostprocessing = 0;
		};
		4C3DD7831C2078A000A85E73 /* Frameworks */ = {
			isa = PBXFrameworksBuildPhase;
			buildActionMask = 2147483647;
			files = (
			);
			runOnlyForDeploymentPostprocessing = 0;
		};
		4C3DD78E1C2078A000A85E73 /* Frameworks */ = {
			isa = PBXFrameworksBuildPhase;
			buildActionMask = 2147483647;
			files = (
			);
			runOnlyForDeploymentPostprocessing = 0;
		};
/* End PBXFrameworksBuildPhase section */

/* Begin PBXGroup section */
		4C3DD7641C2078A000A85E73 = {
			isa = PBXGroup;
			children = (
				4C3DD76F1C2078A000A85E73 /* Hypnosister */,
				4C3DD7891C2078A000A85E73 /* HypnosisterTests */,
				4C3DD7941C2078A000A85E73 /* HypnosisterUITests */,
				4C3DD76E1C2078A000A85E73 /* Products */,
			);
			sourceTree = "<group>";
		};
		4C3DD76E1C2078A000A85E73 /* Products */ = {
			isa = PBXGroup;
			children = (
				4C3DD76D1C2078A000A85E73 /* Hypnosister.app */,
				4C3DD7861C2078A000A85E73 /* HypnosisterTests.xctest */,
				4C3DD7911C2078A000A85E73 /* HypnosisterUITests.xctest */,
			);
			name = Products;
			sourceTree = "<group>";
		};
		4C3DD76F1C2078A000A85E73 /* Hypnosister */ = {
			isa = PBXGroup;
			children = (
				4C3DD7731C2078A000A85E73 /* AppDelegate.h */,
				4C3DD7741C2078A000A85E73 /* AppDelegate.m */,
				4C3DD77C1C2078A000A85E73 /* Assets.xcassets */,
				4C3DD7811C2078A000A85E73 /* Info.plist */,
				4C3DD7701C2078A000A85E73 /* Supporting Files */,
			);
			path = Hypnosister;
			sourceTree = "<group>";
		};
		4C3DD7701C2078A000A85E73 /* Supporting Files */ = {
			isa = PBXGroup;
			children = (
				4C3DD7711C2078A000A85E73 /* main.m */,
			);
			name = "Supporting Files";
			sourceTree = "<group>";
		};
		4C3DD7891C2078A000A85E73 /* HypnosisterTests */ = {
			isa = PBXGroup;
			children = (
				4C3DD78A1C2078A000A85E73 /* HypnosisterTests.m */,
				4C3DD78C1C2078A000A85E73 /* Info.plist */,
			);
			path = HypnosisterTests;
			sourceTree = "<group>";
		};
		4C3DD7941C2078A000A85E73 /* HypnosisterUITests */ = {
			isa = PBXGroup;
			children = (
				4C3DD7951C2078A000A85E73 /* HypnosisterUITests.m */,
				4C3DD7971C2078A000A85E73 /* Info.plist */,
			);
			path = HypnosisterUITests;
			sourceTree = "<group>";
		};
/* End PBXGroup section */

/* Begin PBXNativeTarget section */
		4C3DD76C1C2078A000A85E73 /* Hypnosister */ = {
			isa = PBXNativeTarget;
			buildConfigurationList = 4C3DD79A1C2078A000A85E73 /* Build configuration list for PBXNativeTarget "Hypnosister" */;
			buildPhases = (
				4C3DD7691C2078A000A85E73 /* Sources */,
				4C3DD76A1C2078A000A85E73 /* Frameworks */,
				4C3DD76B1C2078A000A85E73 /* Resources */,
			);
			buildRules = (
			);
			dependencies = (
			);
			name = Hypnosister;
			productName = Hypnosister;
			productReference = 4C3DD76D1C2078A000A85E73 /* Hypnosister.app */;
			productType = "com.apple.product-type.application";
		};
		4C3DD7851C2078A000A85E73 /* HypnosisterTests */ = {
			isa = PBXNativeTarget;
			buildConfigurationList = 4C3DD79D1C2078A000A85E73 /* Build configuration list for PBXNativeTarget "HypnosisterTests" */;
			buildPhases = (
				4C3DD7821C2078A000A85E73 /* Sources */,
				4C3DD7831C2078A000A85E73 /* Frameworks */,
				4C3DD7841C2078A000A85E73 /* Resources */,
			);
			buildRules = (
			);
			dependencies = (
				4C3DD7881C2078A000A85E73 /* PBXTargetDependency */,
			);
			name = HypnosisterTests;
			productName = HypnosisterTests;
			productReference = 4C3DD7861C2078A000A85E73 /* HypnosisterTests.xctest */;
			productType = "com.apple.product-type.bundle.unit-test";
		};
		4C3DD7901C2078A000A85E73 /* HypnosisterUITests */ = {
			isa = PBXNativeTarget;
			buildConfigurationList = 4C3DD7A01C2078A000A85E73 /* Build configuration list for PBXNativeTarget "HypnosisterUITests" */;
			buildPhases = (
				4C3DD78D1C2078A000A85E73 /* Sources */,
				4C3DD78E1C2078A000A85E73 /* Frameworks */,
				4C3DD78F1C2078A000A85E73 /* Resources */,
			);
			buildRules = (
			);
			dependencies = (
				4C3DD7931C2078A000A85E73 /* PBXTargetDependency */,
			);
			name = HypnosisterUITests;
			productName = HypnosisterUITests;
			productReference = 4C3DD7911C2078A000A85E73 /* HypnosisterUITests.xctest */;
			productType = "com.apple.product-type.bundle.ui-testing";
		};
/* End PBXNativeTarget section */

/* Begin PBXProject section */
		4C3DD7651C2078A000A85E73 /* Project object */ = {
			isa = PBXProject;
			attributes = {
				LastUpgradeCheck = 0720;
				ORGANIZATIONNAME = "Big Nerd Ranch";
				TargetAttributes = {
					4C3DD76C1C2078A000A85E73 = {
						CreatedOnToolsVersion = 7.2;
						DevelopmentTeam = R5D9YNNYMS;
					};
					4C3DD7851C2078A000A85E73 = {
						CreatedOnToolsVersion = 7.2;
						DevelopmentTeam = R5D9YNNYMS;
						TestTargetID = 4C3DD76C1C2078A000A85E73;
					};
					4C3DD7901C2078A000A85E73 = {
						CreatedOnToolsVersion = 7.2;
						DevelopmentTeam = R5D9YNNYMS;
						TestTargetID = 4C3DD76C1C2078A000A85E73;
					};
				};
			};
			buildConfigurationList = 4C3DD7681C2078A000A85E73 /* Build configuration list for PBXProject "Hypnosister" */;
			compatibilityVersion = "Xcode 3.2";
			developmentRegion = English;
			hasScannedForEncodings = 0;
			knownRegions = (
				en,
				Base,
			);
			mainGroup = 4C3DD7641C2078A000A85E73;
			productRefGroup = 4C3DD76E1C2078A000A85E73 /* Products */;
			projectDirPath = "";
			projectRoot = "";
			targets = (
				4C3DD76C1C2078A000A85E73 /* Hypnosister */,
				4C3DD7851C2078A000A85E73 /* HypnosisterTests */,
				4C3DD7901C2078A000A85E73 /* HypnosisterUITests */,
			);
		};
/* End PBXProject section */

/* Begin PBXResourcesBuildPhase section */
		4C3DD76B1C2078A000A85E73 /* Resources */ = {
			isa = PBXResourcesBuildPhase;
			buildActionMask = 2147483647;
			files = (
				4C3DD77D1C2078A000A85E73 /* Assets.xcassets in Resources */,
			);
			runOnlyForDeploymentPostprocessing = 0;
		};
		4C3DD7841C2078A000A85E73 /* Resources */ = {
			isa = PBXResourcesBuildPhase;
			buildActionMask = 2147483647;
			files = (
			);
			runOnlyForDeploymentPostprocessing = 0;
		};
		4C3DD78F1C2078A000A85E73 /* Resources */ = {
			isa = PBXResourcesBuildPhase;
			buildActionMask = 2147483647;
			files = (
			);
			runOnlyForDeploymentPostprocessing = 0;
		};
/* End PBXResourcesBuildPhase section */

/* Begin PBXSourcesBuildPhase section */
		4C3DD7691C2078A000A85E73 /* Sources */ = {
			isa = PBXSourcesBuildPhase;
			buildActionMask = 2147483647;
			files = (
				4C3DD7751C2078A000A85E73 /* AppDelegate.m in Sources */,
				4C3DD7721C2078A000A85E73 /* main.m in Sources */,
			);
			runOnlyForDeploymentPostprocessing = 0;
		};
		4C3DD7821C2078A000A85E73 /* Sources */ = {
			isa = PBXSourcesBuildPhase;
			buildActionMask = 2147483647;
			files = (
				4C3DD78B1C2078A000A85E73 /* HypnosisterTests.m in Sources */,
			);
			runOnlyForDeploymentPostprocessing = 0;
		};
		4C3DD78D1C2078A000A85E73 /* Sources */ = {
			isa = PBXSourcesBuildPhase;
			buildActionMask = 2147483647;
			files = (
				4C3DD7961C2078A000A85E73 /* HypnosisterUITests.m in Sources */,
			);
			runOnlyForDeploymentPostprocessing = 0;
		};
/* End PBXSourcesBuildPhase section */

/* Begin PBXTargetDependency section */
		4C3DD7881C2078A000A85E73 /* PBXTargetDependency */ = {
			isa = PBXTargetDependency;
			target = 4C3DD76C1C2078A000A85E73 /* Hypnosister */;
			targetProxy = 4C3DD7871C2078A000A85E73 /* PBXContainerItemProxy */;
		};
		4C3DD7931C2078A000A85E73 /* PBXTargetDependency */ = {
			isa = PBXTargetDependency;
			target = 4C3DD76C1C2078A000A85E73 /* Hypnosister */;
			targetProxy = 4C3DD7921C2078A000A85E73 /* PBXContainerItemProxy */;
		};
/* End PBXTargetDependency section */

/* Begin XCBuildConfiguration section */
		4C3DD7981C2078A000A85E73 /* Debug */ = {
			isa = XCBuildConfiguration;
			buildSettings = {
				ALWAYS_SEARCH_USER_PATHS = NO;
				CLANG_CXX_LANGUAGE_STANDARD = "gnu++0x";
				CLANG_CXX_LIBRARY = "libc++";
				CLANG_ENABLE_MODULES = YES;
				CLANG_ENABLE_OBJC_ARC = YES;
				CLANG_WARN_BOOL_CONVERSION = YES;
				CLANG_WARN_CONSTANT_CONVERSION = YES;
				CLANG_WARN_DIRECT_OBJC_ISA_USAGE = YES_ERROR;
				CLANG_WARN_EMPTY_BODY = YES;
				CLANG_WARN_ENUM_CONVERSION = YES;
				CLANG_WARN_INT_CONVERSION = YES;
				CLANG_WARN_OBJC_ROOT_CLASS = YES_ERROR;
				CLANG_WARN_UNREACHABLE_CODE = YES;
				CLANG_WARN__DUPLICATE_METHOD_MATCH = YES;
				"CODE_SIGN_IDENTITY[sdk=iphoneos*]" = "iPhone Developer";
				COPY_PHASE_STRIP = NO;
				DEBUG_INFORMATION_FORMAT = dwarf;
				ENABLE_STRICT_OBJC_MSGSEND = YES;
				ENABLE_TESTABILITY = YES;
				GCC_C_LANGUAGE_STANDARD = gnu99;
				GCC_DYNAMIC_NO_PIC = NO;
				GCC_NO_COMMON_BLOCKS = YES;
				GCC_OPTIMIZATION_LEVEL = 0;
				GCC_PREPROCESSOR_DEFINITIONS = (
					"DEBUG=1",
					"$(inherited)",
				);
				GCC_WARN_64_TO_32_BIT_CONVERSION = YES;
				GCC_WARN_ABOUT_RETURN_TYPE = YES_ERROR;
				GCC_WARN_UNDECLARED_SELECTOR = YES;
				GCC_WARN_UNINITIALIZED_AUTOS = YES_AGGRESSIVE;
				GCC_WARN_UNUSED_FUNCTION = YES;
				GCC_WARN_UNUSED_VARIABLE = YES;
				IPHONEOS_DEPLOYMENT_TARGET = 9.2;
				MTL_ENABLE_DEBUG_INFO = YES;
				ONLY_ACTIVE_ARCH = YES;
				SDKROOT = iphoneos;
			};
			name = Debug;
		};
		4C3DD7991C2078A000A85E73 /* Release */ = {
			isa = XCBuildConfiguration;
			buildSettings = {
				ALWAYS_SEARCH_USER_PATHS = NO;
				CLANG_CXX_LANGUAGE_STANDARD = "gnu++0x";
				CLANG_CXX_LIBRARY = "libc++";
				CLANG_ENABLE_MODULES = YES;
				CLANG_ENABLE_OBJC_ARC = YES;
				CLANG_WARN_BOOL_CONVERSION = YES;
				CLANG_WARN_CONSTANT_CONVERSION = YES;
				CLANG_WARN_DIRECT_OBJC_ISA_USAGE = YES_ERROR;
				CLANG_WARN_EMPTY_BODY = YES;
				CLANG_WARN_ENUM_CONVERSION = YES;
				CLANG_WARN_INT_CONVERSION = YES;
				CLANG_WARN_OBJC_ROOT_CLASS = YES_ERROR;
				CLANG_WARN_UNREACHABLE_CODE = YES;
				CLANG_WARN__DUPLICATE_METHOD_MATCH = YES;
				"CODE_SIGN_IDENTITY[sdk=iphoneos*]" = "iPhone Developer";
				COPY_PHASE_STRIP = NO;
				DEBUG_INFORMATION_FORMAT = "dwarf-with-dsym";
				ENABLE_NS_ASSERTIONS = NO;
				ENABLE_STRICT_OBJC_MSGSEND = YES;
				GCC_C_LANGUAGE_STANDARD = gnu99;
				GCC_NO_COMMON_BLOCKS = YES;
				GCC_WARN_64_TO_32_BIT_CONVERSION = YES;
				GCC_WARN_ABOUT_RETURN_TYPE = YES_ERROR;
				GCC_WARN_UNDECLARED_SELECTOR = YES;
				GCC_WARN_UNINITIALIZED_AUTOS = YES_AGGRESSIVE;
				GCC_WARN_UNUSED_FUNCTION = YES;
				GCC_WARN_UNUSED_VARIABLE = YES;
				IPHONEOS_DEPLOYMENT_TARGET = 9.2;
				MTL_ENABLE_DEBUG_INFO = NO;
				SDKROOT = iphoneos;
				VALIDATE_PRODUCT = YES;
			};
			name = Release;
		};
		4C3DD79B1C2078A000A85E73 /* Debug */ = {
			isa = XCBuildConfiguration;
			buildSettings = {
				ASSETCATALOG_COMPILER_APPICON_NAME = AppIcon;
				INFOPLIST_FILE = Hypnosister/Info.plist;
				LD_RUNPATH_SEARCH_PATHS = "$(inherited) @executable_path/Frameworks";
				PRODUCT_BUNDLE_IDENTIFIER = com.bignerdranch.Hypnosister;
				PRODUCT_NAME = "$(TARGET_NAME)";
			};
			name = Debug;
		};
		4C3DD79C1C2078A000A85E73 /* Release */ = {
			isa = XCBuildConfiguration;
			buildSettings = {
				ASSETCATALOG_COMPILER_APPICON_NAME = AppIcon;
				INFOPLIST_FILE = Hypnosister/Info.plist;
				LD_RUNPATH_SEARCH_PATHS = "$(inherited) @executable_path/Frameworks";
				PRODUCT_BUNDLE_IDENTIFIER = com.bignerdranch.Hypnosister;
				PRODUCT_NAME = "$(TARGET_NAME)";
			};
			name = Release;
		};
		4C3DD79E1C2078A000A85E73 /* Debug */ = {
			isa = XCBuildConfiguration;
			buildSettings = {
				BUNDLE_LOADER = "$(TEST_HOST)";
				INFOPLIST_FILE = HypnosisterTests/Info.plist;
				LD_RUNPATH_SEARCH_PATHS = "$(inherited) @executable_path/Frameworks @loader_path/Frameworks";
				PRODUCT_BUNDLE_IDENTIFIER = com.bignerdranch.HypnosisterTests;
				PRODUCT_NAME = "$(TARGET_NAME)";
				TEST_HOST = "$(BUILT_PRODUCTS_DIR)/Hypnosister.app/Hypnosister";
			};
			name = Debug;
		};
		4C3DD79F1C2078A000A85E73 /* Release */ = {
			isa = XCBuildConfiguration;
			buildSettings = {
				BUNDLE_LOADER = "$(TEST_HOST)";
				INFOPLIST_FILE = HypnosisterTests/Info.plist;
				LD_RUNPATH_SEARCH_PATHS = "$(inherited) @executable_path/Frameworks @loader_path/Frameworks";
				PRODUCT_BUNDLE_IDENTIFIER = com.bignerdranch.HypnosisterTests;
				PRODUCT_NAME = "$(TARGET_NAME)";
				TEST_HOST = "$(BUILT_PRODUCTS_DIR)/Hypnosister.app/Hypnosister";
			};
			name = Release;
		};
		4C3DD7A11C2078A000A85E73 /* Debug */ = {
			isa = XCBuildConfiguration;
			buildSettings = {
				INFOPLIST_FILE = HypnosisterUITests/Info.plist;
				LD_RUNPATH_SEARCH_PATHS = "$(inherited) @executable_path/Frameworks @loader_path/Frameworks";
				PRODUCT_BUNDLE_IDENTIFIER = com.bignerdranch.HypnosisterUITests;
				PRODUCT_NAME = "$(TARGET_NAME)";
				TEST_TARGET_NAME = Hypnosister;
				USES_XCTRUNNER = YES;
			};
			name = Debug;
		};
		4C3DD7A21C2078A000A85E73 /* Release */ = {
			isa = XCBuildConfiguration;
			buildSettings = {
				INFOPLIST_FILE = HypnosisterUITests/Info.plist;
				LD_RUNPATH_SEARCH_PATHS = "$(inherited) @executable_path/Frameworks @loader_path/Frameworks";
				PRODUCT_BUNDLE_IDENTIFIER = com.bignerdranch.HypnosisterUITests;
				PRODUCT_NAME = "$(TARGET_NAME)";
				TEST_TARGET_NAME = Hypnosister;
				USES_XCTRUNNER = YES;
			};
			name = Release;
		};
/* End XCBuildConfiguration section */

/* Begin XCConfigurationList section */
		4C3DD7681C2078A000A85E73 /* Build configuration list for PBXProject "Hypnosister" */ = {
			isa = XCConfigurationList;
			buildConfigurations = (
				4C3DD7981C2078A000A85E73 /* Debug */,
				4C3DD7991C2078A000A85E73 /* Release */,
			);
			defaultConfigurationIsVisible = 0;
			defaultConfigurationName = Release;
		};
		4C3DD79A1C2078A000A85E73 /* Build configuration list for PBXNativeTarget "Hypnosister" */ = {
			isa = XCConfigurationList;
			buildConfigurations = (
				4C3DD79B1C2078A000A85E73 /* Debug */,
				4C3DD79C1C2078A000A85E73 /* Release */,
			);
			defaultConfigurationIsVisible = 0;
		};
		4C3DD79D1C2078A000A85E73 /* Build configuration list for PBXNativeTarget "HypnosisterTests" */ = {
			isa = XCConfigurationList;
			buildConfigurations = (
				4C3DD79E1C2078A000A85E73 /* Debug */,
				4C3DD79F1C2078A000A85E73 /* Release */,
			);
			defaultConfigurationIsVisible = 0;
		};
		4C3DD7A01C2078A000A85E73 /* Build configuration list for PBXNativeTarget "HypnosisterUITests" */ = {
			isa = XCConfigurationList;
			buildConfigurations = (
				4C3DD7A11C2078A000A85E73 /* Debug */,
				4C3DD7A21C2078A000A85E73 /* Release */,
			);
			defaultConfigurationIsVisible = 0;
		};
/* End XCConfigurationList section */
	};
	rootObject = 4C3DD7651C2078A000A85E73 /* Project object */;
}
